
Microsoft Visual Studio Solution File, Format Version 12.00
# Visual Studio Version 17
VisualStudioVersion = 17.13.35919.96
MinimumVisualStudioVersion = 10.0.40219.1
Project("{2150E333-8FDC-42A3-9474-1A3956D46DE8}") = "src", "src", "{02EA681E-C7D8-13C7-8484-4AC65E1B71E8}"
EndProject
Project("{2150E333-8FDC-42A3-9474-1A3956D46DE8}") = "Framwork", "Framwork", "{28E3147B-F6EA-4318-8BD9-9018EE15287C}"
EndProject
Project("{2150E333-8FDC-42A3-9474-1A3956D46DE8}") = "Services", "Services", "{31414075-FC5F-4F36-B89F-02BA38B50D93}"
EndProject
Project("{2150E333-8FDC-42A3-9474-1A3956D46DE8}") = "Catalog", "Catalog", "{86D467F4-4C2C-4475-81B4-E9BE2ABA6500}"
EndProject
Project("{2150E333-8FDC-42A3-9474-1A3956D46DE8}") = "Security", "Security", "{8473F746-76F7-4055-B661-FF7944E3BE40}"
EndProject
Project("{FAE04EC0-301F-11D3-BF4B-00C04F79EFBC}") = "ProductCleanSample.Framwork.Domain", "ProductCleanSample.Framwork.Domain\ProductCleanSample.Framwork.Domain.csproj", "{BD9DE431-E0F9-4E9E-9E63-611212173A29}"
EndProject
Project("{FAE04EC0-301F-11D3-BF4B-00C04F79EFBC}") = "ProductCleanSample.Framwork.Application", "ProductCleanSample.Framwork.Application\ProductCleanSample.Framwork.Application.csproj", "{CB943695-4D6C-40E5-9FDB-0FB0BCB1934E}"
EndProject
Project("{FAE04EC0-301F-11D3-BF4B-00C04F79EFBC}") = "ProductCleanSample.Framwork.Infrastructure", "ProductCleanSample.Framework.Infrastructure\ProductCleanSample.Framwork.Infrastructure.csproj", "{1324EA13-A0F6-41B5-B724-B9EBCCE783A1}"
EndProject
Project("{FAE04EC0-301F-11D3-BF4B-00C04F79EFBC}") = "ProductCleanSample.Framwork.Persentation", "ProductCleanSample.Framwork.Persentation\ProductCleanSample.Framwork.Persentation.csproj", "{A83EA06D-556B-4BCF-9FB3-5692C23BC1B0}"
EndProject
Project("{FAE04EC0-301F-11D3-BF4B-00C04F79EFBC}") = "ProductCleanSample.Catalog.Domain", "ProductCleanSample.Catalog.Domain\ProductCleanSample.Catalog.Domain.csproj", "{47A4A714-FB9C-4ADD-9FC2-29C9D0399D9A}"
EndProject
Project("{FAE04EC0-301F-11D3-BF4B-00C04F79EFBC}") = "ProductCleanSample.Catalog.Application", "ProductCleanSample.Catalog.Application\ProductCleanSample.Catalog.Application.csproj", "{0AA65BA2-FBC1-44B4-A567-2893829FE2ED}"
EndProject
Project("{FAE04EC0-301F-11D3-BF4B-00C04F79EFBC}") = "ProductCleanSample.Catalog.Infrastructure", "ProductCleanSample.Catalog.Infrastructure\ProductCleanSample.Catalog.Infrastructure.csproj", "{9D1E7555-A7EC-457B-BC81-48BCD6EB0E51}"
EndProject
Global
	GlobalSection(SolutionConfigurationPlatforms) = preSolution
		Debug|Any CPU = Debug|Any CPU
		Release|Any CPU = Release|Any CPU
	EndGlobalSection
	GlobalSection(ProjectConfigurationPlatforms) = postSolution
		{BD9DE431-E0F9-4E9E-9E63-611212173A29}.Debug|Any CPU.ActiveCfg = Debug|Any CPU
		{BD9DE431-E0F9-4E9E-9E63-611212173A29}.Debug|Any CPU.Build.0 = Debug|Any CPU
		{BD9DE431-E0F9-4E9E-9E63-611212173A29}.Release|Any CPU.ActiveCfg = Release|Any CPU
		{BD9DE431-E0F9-4E9E-9E63-611212173A29}.Release|Any CPU.Build.0 = Release|Any CPU
		{CB943695-4D6C-40E5-9FDB-0FB0BCB1934E}.Debug|Any CPU.ActiveCfg = Debug|Any CPU
		{CB943695-4D6C-40E5-9FDB-0FB0BCB1934E}.Debug|Any CPU.Build.0 = Debug|Any CPU
		{CB943695-4D6C-40E5-9FDB-0FB0BCB1934E}.Release|Any CPU.ActiveCfg = Release|Any CPU
		{CB943695-4D6C-40E5-9FDB-0FB0BCB1934E}.Release|Any CPU.Build.0 = Release|Any CPU
		{1324EA13-A0F6-41B5-B724-B9EBCCE783A1}.Debug|Any CPU.ActiveCfg = Debug|Any CPU
		{1324EA13-A0F6-41B5-B724-B9EBCCE783A1}.Debug|Any CPU.Build.0 = Debug|Any CPU
		{1324EA13-A0F6-41B5-B724-B9EBCCE783A1}.Release|Any CPU.ActiveCfg = Release|Any CPU
		{1324EA13-A0F6-41B5-B724-B9EBCCE783A1}.Release|Any CPU.Build.0 = Release|Any CPU
		{A83EA06D-556B-4BCF-9FB3-5692C23BC1B0}.Debug|Any CPU.ActiveCfg = Debug|Any CPU
		{A83EA06D-556B-4BCF-9FB3-5692C23BC1B0}.Debug|Any CPU.Build.0 = Debug|Any CPU
		{A83EA06D-556B-4BCF-9FB3-5692C23BC1B0}.Release|Any CPU.ActiveCfg = Release|Any CPU
		{A83EA06D-556B-4BCF-9FB3-5692C23BC1B0}.Release|Any CPU.Build.0 = Release|Any CPU
		{47A4A714-FB9C-4ADD-9FC2-29C9D0399D9A}.Debug|Any CPU.ActiveCfg = Debug|Any CPU
		{47A4A714-FB9C-4ADD-9FC2-29C9D0399D9A}.Debug|Any CPU.Build.0 = Debug|Any CPU
		{47A4A714-FB9C-4ADD-9FC2-29C9D0399D9A}.Release|Any CPU.ActiveCfg = Release|Any CPU
		{47A4A714-FB9C-4ADD-9FC2-29C9D0399D9A}.Release|Any CPU.Build.0 = Release|Any CPU
		{0AA65BA2-FBC1-44B4-A567-2893829FE2ED}.Debug|Any CPU.ActiveCfg = Debug|Any CPU
		{0AA65BA2-FBC1-44B4-A567-2893829FE2ED}.Debug|Any CPU.Build.0 = Debug|Any CPU
		{0AA65BA2-FBC1-44B4-A567-2893829FE2ED}.Release|Any CPU.ActiveCfg = Release|Any CPU
		{0AA65BA2-FBC1-44B4-A567-2893829FE2ED}.Release|Any CPU.Build.0 = Release|Any CPU
		{9D1E7555-A7EC-457B-BC81-48BCD6EB0E51}.Debug|Any CPU.ActiveCfg = Debug|Any CPU
		{9D1E7555-A7EC-457B-BC81-48BCD6EB0E51}.Debug|Any CPU.Build.0 = Debug|Any CPU
		{9D1E7555-A7EC-457B-BC81-48BCD6EB0E51}.Release|Any CPU.ActiveCfg = Release|Any CPU
		{9D1E7555-A7EC-457B-BC81-48BCD6EB0E51}.Release|Any CPU.Build.0 = Release|Any CPU
	EndGlobalSection
	GlobalSection(SolutionProperties) = preSolution
		HideSolutionNode = FALSE
	EndGlobalSection
	GlobalSection(NestedProjects) = preSolution
		{28E3147B-F6EA-4318-8BD9-9018EE15287C} = {02EA681E-C7D8-13C7-8484-4AC65E1B71E8}
		{31414075-FC5F-4F36-B89F-02BA38B50D93} = {02EA681E-C7D8-13C7-8484-4AC65E1B71E8}
		{86D467F4-4C2C-4475-81B4-E9BE2ABA6500} = {31414075-FC5F-4F36-B89F-02BA38B50D93}
		{8473F746-76F7-4055-B661-FF7944E3BE40} = {31414075-FC5F-4F36-B89F-02BA38B50D93}
		{BD9DE431-E0F9-4E9E-9E63-611212173A29} = {28E3147B-F6EA-4318-8BD9-9018EE15287C}
		{CB943695-4D6C-40E5-9FDB-0FB0BCB1934E} = {28E3147B-F6EA-4318-8BD9-9018EE15287C}
		{1324EA13-A0F6-41B5-B724-B9EBCCE783A1} = {28E3147B-F6EA-4318-8BD9-9018EE15287C}
		{A83EA06D-556B-4BCF-9FB3-5692C23BC1B0} = {28E3147B-F6EA-4318-8BD9-9018EE15287C}
		{47A4A714-FB9C-4ADD-9FC2-29C9D0399D9A} = {86D467F4-4C2C-4475-81B4-E9BE2ABA6500}
		{0AA65BA2-FBC1-44B4-A567-2893829FE2ED} = {86D467F4-4C2C-4475-81B4-E9BE2ABA6500}
		{9D1E7555-A7EC-457B-BC81-48BCD6EB0E51} = {86D467F4-4C2C-4475-81B4-E9BE2ABA6500}
	EndGlobalSection
	GlobalSection(ExtensibilityGlobals) = postSolution
		SolutionGuid = {B8A5383C-5941-4AF1-86D2-254AB0047FE2}
	EndGlobalSection
EndGlobal
